
Microsoft Visual Studio Solution File, Format Version 12.00
# Visual Studio Version 17
VisualStudioVersion = 17.5.002.0
MinimumVisualStudioVersion = 10.0.40219.1
Project("{9A19103F-16F7-4668-BE54-9A1E7A4F7556}") = "controleclientes", "controleclientes.csproj", "{F070A586-DA39-4322-AC13-A50529DDAC67}"
EndProject
Global
	GlobalSection(SolutionConfigurationPlatforms) = preSolution
		Debug|Any CPU = Debug|Any CPU
		Release|Any CPU = Release|Any CPU
	EndGlobalSection
	GlobalSection(ProjectConfigurationPlatforms) = postSolution
		{F070A586-DA39-4322-AC13-A50529DDAC67}.Debug|Any CPU.ActiveCfg = Debug|Any CPU
		{F070A586-DA39-4322-AC13-A50529DDAC67}.Debug|Any CPU.Build.0 = Debug|Any CPU
		{F070A586-DA39-4322-AC13-A50529DDAC67}.Release|Any CPU.ActiveCfg = Release|Any CPU
		{F070A586-DA39-4322-AC13-A50529DDAC67}.Release|Any CPU.Build.0 = Release|Any CPU
	EndGlobalSection
	GlobalSection(SolutionProperties) = preSolution
		HideSolutionNode = FALSE
	EndGlobalSection
	GlobalSection(ExtensibilityGlobals) = postSolution
		SolutionGuid = {4BCE16D0-9DA9-4504-B44A-AF9DCE60CDD7}
	EndGlobalSection
EndGlobal
